
Microsoft Visual Studio Solution File, Format Version 12.00
# Visual Studio Version 17
VisualStudioVersion = 17.4.33213.308
MinimumVisualStudioVersion = 10.0.40219.1
Project("{FAE04EC0-301F-11D3-BF4B-00C04F79EFBC}") = "VideoChatWithPeerJs", "VideoChatWithPeerJs\VideoChatWithPeerJs.csproj", "{221F3475-18B7-4CEF-836B-ECB2E37DECCF}"
EndProject
Global
	GlobalSection(SolutionConfigurationPlatforms) = preSolution
		Debug|Any CPU = Debug|Any CPU
		Release|Any CPU = Release|Any CPU
	EndGlobalSection
	GlobalSection(ProjectConfigurationPlatforms) = postSolution
		{221F3475-18B7-4CEF-836B-ECB2E37DECCF}.Debug|Any CPU.ActiveCfg = Debug|Any CPU
		{221F3475-18B7-4CEF-836B-ECB2E37DECCF}.Debug|Any CPU.Build.0 = Debug|Any CPU
		{221F3475-18B7-4CEF-836B-ECB2E37DECCF}.Release|Any CPU.ActiveCfg = Release|Any CPU
		{221F3475-18B7-4CEF-836B-ECB2E37DECCF}.Release|Any CPU.Build.0 = Release|Any CPU
	EndGlobalSection
	GlobalSection(SolutionProperties) = preSolution
		HideSolutionNode = FALSE
	EndGlobalSection
	GlobalSection(ExtensibilityGlobals) = postSolution
		SolutionGuid = {E4929E70-4839-4B10-89A9-92735D4AAA72}
	EndGlobalSection
EndGlobal
