
Microsoft Visual Studio Solution File, Format Version 12.00
# Visual Studio Version 17
VisualStudioVersion = 17.4.33213.308
MinimumVisualStudioVersion = 10.0.40219.1
Project("{9A19103F-16F7-4668-BE54-9A1E7A4F7556}") = "SpellTable2.WebApp.MVC", "SpellTable2.WebApp.MVC\SpellTable2.WebApp.MVC.csproj", "{F567FBC2-5E59-49AF-8C24-744F7C0C16AE}"
EndProject
Project("{9A19103F-16F7-4668-BE54-9A1E7A4F7556}") = "SpellTable2.Services", "SpellTable2.Services\SpellTable2.Services.csproj", "{9364765B-3317-4D7E-9B22-D5CA8CEE00FC}"
EndProject
Project("{9A19103F-16F7-4668-BE54-9A1E7A4F7556}") = "SpellTable2.Repositories", "SpellTable2.Repositories\SpellTable2.Repositories.csproj", "{945F6353-4DDF-4A7D-AE52-549FED090A4D}"
EndProject
Project("{9A19103F-16F7-4668-BE54-9A1E7A4F7556}") = "SpellTable2.Core", "SpellTable2.Core\SpellTable2.Core.csproj", "{608C2155-3522-44A6-B855-B1CA83C95D02}"
EndProject
Project("{2150E333-8FDC-42A3-9474-1A3956D46DE8}") = "Solution Items", "Solution Items", "{D3B391F7-A3DD-4664-BD0A-C9FAD8D3F3B5}"
	ProjectSection(SolutionItems) = preProject
		ReadMe.txt = ReadMe.txt
	EndProjectSection
EndProject
Global
	GlobalSection(SolutionConfigurationPlatforms) = preSolution
		Debug|Any CPU = Debug|Any CPU
		Release|Any CPU = Release|Any CPU
	EndGlobalSection
	GlobalSection(ProjectConfigurationPlatforms) = postSolution
		{F567FBC2-5E59-49AF-8C24-744F7C0C16AE}.Debug|Any CPU.ActiveCfg = Debug|Any CPU
		{F567FBC2-5E59-49AF-8C24-744F7C0C16AE}.Debug|Any CPU.Build.0 = Debug|Any CPU
		{F567FBC2-5E59-49AF-8C24-744F7C0C16AE}.Release|Any CPU.ActiveCfg = Release|Any CPU
		{F567FBC2-5E59-49AF-8C24-744F7C0C16AE}.Release|Any CPU.Build.0 = Release|Any CPU
		{9364765B-3317-4D7E-9B22-D5CA8CEE00FC}.Debug|Any CPU.ActiveCfg = Debug|Any CPU
		{9364765B-3317-4D7E-9B22-D5CA8CEE00FC}.Debug|Any CPU.Build.0 = Debug|Any CPU
		{9364765B-3317-4D7E-9B22-D5CA8CEE00FC}.Release|Any CPU.ActiveCfg = Release|Any CPU
		{9364765B-3317-4D7E-9B22-D5CA8CEE00FC}.Release|Any CPU.Build.0 = Release|Any CPU
		{945F6353-4DDF-4A7D-AE52-549FED090A4D}.Debug|Any CPU.ActiveCfg = Debug|Any CPU
		{945F6353-4DDF-4A7D-AE52-549FED090A4D}.Debug|Any CPU.Build.0 = Debug|Any CPU
		{945F6353-4DDF-4A7D-AE52-549FED090A4D}.Release|Any CPU.ActiveCfg = Release|Any CPU
		{945F6353-4DDF-4A7D-AE52-549FED090A4D}.Release|Any CPU.Build.0 = Release|Any CPU
		{608C2155-3522-44A6-B855-B1CA83C95D02}.Debug|Any CPU.ActiveCfg = Debug|Any CPU
		{608C2155-3522-44A6-B855-B1CA83C95D02}.Debug|Any CPU.Build.0 = Debug|Any CPU
		{608C2155-3522-44A6-B855-B1CA83C95D02}.Release|Any CPU.ActiveCfg = Release|Any CPU
		{608C2155-3522-44A6-B855-B1CA83C95D02}.Release|Any CPU.Build.0 = Release|Any CPU
	EndGlobalSection
	GlobalSection(SolutionProperties) = preSolution
		HideSolutionNode = FALSE
	EndGlobalSection
	GlobalSection(ExtensibilityGlobals) = postSolution
		SolutionGuid = {6E8C2362-0302-45F4-99E9-DA549CC686F5}
	EndGlobalSection
EndGlobal
